
Microsoft Visual Studio Solution File, Format Version 12.00
# Visual Studio Version 17
VisualStudioVersion = 17.8.34511.84
MinimumVisualStudioVersion = 10.0.40219.1
Project("{9A19103F-16F7-4668-BE54-9A1E7A4F7556}") = "hidsynth", "hidsynth.csproj", "{47B880E0-77ED-44E2-B92A-BEFD17B1CBAD}"
EndProject
Global
	GlobalSection(SolutionConfigurationPlatforms) = preSolution
		Debug|Any CPU = Debug|Any CPU
		Release|Any CPU = Release|Any CPU
	EndGlobalSection
	GlobalSection(ProjectConfigurationPlatforms) = postSolution
		{47B880E0-77ED-44E2-B92A-BEFD17B1CBAD}.Debug|Any CPU.ActiveCfg = Debug|Any CPU
		{47B880E0-77ED-44E2-B92A-BEFD17B1CBAD}.Debug|Any CPU.Build.0 = Debug|Any CPU
		{47B880E0-77ED-44E2-B92A-BEFD17B1CBAD}.Release|Any CPU.ActiveCfg = Release|Any CPU
		{47B880E0-77ED-44E2-B92A-BEFD17B1CBAD}.Release|Any CPU.Build.0 = Release|Any CPU
	EndGlobalSection
	GlobalSection(SolutionProperties) = preSolution
		HideSolutionNode = FALSE
	EndGlobalSection
	GlobalSection(ExtensibilityGlobals) = postSolution
		SolutionGuid = {E33E00CB-3968-4F7A-8411-3B79EF2AD784}
	EndGlobalSection
EndGlobal
